
Microsoft Visual Studio Solution File, Format Version 9.00
# Visual Studio 2005
Project("{FAE04EC0-301F-11D3-BF4B-00C04F79EFBC}") = "AssMngSys", "AssMngSys\AssMngSys.csproj", "{D970B197-744F-4C34-97C5-F4B1529CCCCB}"
EndProject
Global
	GlobalSection(SolutionConfigurationPlatforms) = preSolution
		Debug|Any CPU = Debug|Any CPU
		Release|Any CPU = Release|Any CPU
	EndGlobalSection
	GlobalSection(ProjectConfigurationPlatforms) = postSolution
		{D970B197-744F-4C34-97C5-F4B1529CCCCB}.Debug|Any CPU.ActiveCfg = Debug|Any CPU
		{D970B197-744F-4C34-97C5-F4B1529CCCCB}.Debug|Any CPU.Build.0 = Debug|Any CPU
		{D970B197-744F-4C34-97C5-F4B1529CCCCB}.Release|Any CPU.ActiveCfg = Release|Any CPU
		{D970B197-744F-4C34-97C5-F4B1529CCCCB}.Release|Any CPU.Build.0 = Release|Any CPU
	EndGlobalSection
	GlobalSection(SolutionProperties) = preSolution
		HideSolutionNode = FALSE
	EndGlobalSection
EndGlobal
